# This file is automatically @generated by Cargo.
# It is not intended for manual editing.
version = 4

[[package]]
name = "cerberus-app"
version = "0.0.0"
dependencies = [
 "cerberus-consent",
 "cerberus-dom",
 "cerberus-farbling",
 "cerberus-headless",
 "cerberus-identity",
 "cerberus-js",
 "cerberus-layout",
 "cerberus-net",
 "cerberus-paint",
 "cerberus-shell",
 "cerberus-storage",
 "cerberus-types",
 "cerberus-url",
]

[[package]]
name = "cerberus-consent"
version = "0.0.0"
dependencies = [
 "cerberus-types",
]

[[package]]
name = "cerberus-crypto"
version = "0.0.0"

[[package]]
name = "cerberus-dom"
version = "0.0.0"

[[package]]
name = "cerberus-farbling"
version = "0.0.0"

[[package]]
name = "cerberus-headless"
version = "0.0.0"
dependencies = [
 "cerberus-dom",
 "cerberus-layout",
 "cerberus-paint",
 "cerberus-types",
]

[[package]]
name = "cerberus-identity"
version = "0.0.0"
dependencies = [
 "cerberus-farbling",
 "cerberus-js",
 "cerberus-types",
]

[[package]]
name = "cerberus-js"
version = "0.0.0"
dependencies = [
 "cerberus-types",
]

[[package]]
name = "cerberus-layout"
version = "0.0.0"
dependencies = [
 "cerberus-dom",
 "cerberus-paint",
 "cerberus-types",
]

[[package]]
name = "cerberus-net"
version = "0.0.0"
dependencies = [
 "cerberus-types",
 "cerberus-url",
]

[[package]]
name = "cerberus-paint"
version = "0.0.0"
dependencies = [
 "cerberus-types",
]

[[package]]
name = "cerberus-shell"
version = "0.0.0"
dependencies = [
 "cerberus-paint",
 "cerberus-types",
]

[[package]]
name = "cerberus-storage"
version = "0.0.0"
dependencies = [
 "cerberus-crypto",
 "cerberus-types",
]

[[package]]
name = "cerberus-types"
version = "0.0.0"

[[package]]
name = "cerberus-url"
version = "0.0.0"
dependencies = [
 "cerberus-types",
]
